// !$*UTF8*$!
{
	archiveVersion = 1;
	classes = {
	};
	objectVersion = 50;
	objects = {

/* Begin PBXBuildFile section */
		5732A91C22653D3A0036BC38 /* AppDelegate.swift in Sources */ = {isa = PBXBuildFile; fileRef = 5732A91B22653D3A0036BC38 /* AppDelegate.swift */; };
		5732A91E22653D3A0036BC38 /* ViewController.swift in Sources */ = {isa = PBXBuildFile; fileRef = 5732A91D22653D3A0036BC38 /* ViewController.swift */; };
		5732A92122653D3A0036BC38 /* Main.storyboard in Resources */ = {isa = PBXBuildFile; fileRef = 5732A91F22653D3A0036BC38 /* Main.storyboard */; };
		5732A92322653D3D0036BC38 /* Assets.xcassets in Resources */ = {isa = PBXBuildFile; fileRef = 5732A92222653D3D0036BC38 /* Assets.xcassets */; };
		5732A92622653D3D0036BC38 /* LaunchScreen.storyboard in Resources */ = {isa = PBXBuildFile; fileRef = 5732A92422653D3D0036BC38 /* LaunchScreen.storyboard */; };
		5732A92B22653D3D0036BC38 /* CapacitacaoIOS-AppleWatch WatchKit App.app in Embed Watch Content */ = {isa = PBXBuildFile; fileRef = 5732A92A22653D3D0036BC38 /* CapacitacaoIOS-AppleWatch WatchKit App.app */; };
		5732A93122653D3D0036BC38 /* Interface.storyboard in Resources */ = {isa = PBXBuildFile; fileRef = 5732A92F22653D3D0036BC38 /* Interface.storyboard */; };
		5732A93322653D3E0036BC38 /* Assets.xcassets in Resources */ = {isa = PBXBuildFile; fileRef = 5732A93222653D3E0036BC38 /* Assets.xcassets */; };
		5732A93A22653D3E0036BC38 /* CapacitacaoIOS-AppleWatch WatchKit Extension.appex in Embed App Extensions */ = {isa = PBXBuildFile; fileRef = 5732A93922653D3E0036BC38 /* CapacitacaoIOS-AppleWatch WatchKit Extension.appex */; settings = {ATTRIBUTES = (RemoveHeadersOnCopy, ); }; };
		5732A93F22653D3E0036BC38 /* InterfaceController.swift in Sources */ = {isa = PBXBuildFile; fileRef = 5732A93E22653D3E0036BC38 /* InterfaceController.swift */; };
		5732A94122653D3E0036BC38 /* ExtensionDelegate.swift in Sources */ = {isa = PBXBuildFile; fileRef = 5732A94022653D3E0036BC38 /* ExtensionDelegate.swift */; };
		5732A94322653D3E0036BC38 /* Assets.xcassets in Resources */ = {isa = PBXBuildFile; fileRef = 5732A94222653D3E0036BC38 /* Assets.xcassets */; };
/* End PBXBuildFile section */

/* Begin PBXContainerItemProxy section */
		5732A92C22653D3D0036BC38 /* PBXContainerItemProxy */ = {
			isa = PBXContainerItemProxy;
			containerPortal = 5732A91022653D3A0036BC38 /* Project object */;
			proxyType = 1;
			remoteGlobalIDString = 5732A92922653D3D0036BC38;
			remoteInfo = "CapacitacaoIOS-AppleWatch WatchKit App";
		};
		5732A93B22653D3E0036BC38 /* PBXContainerItemProxy */ = {
			isa = PBXContainerItemProxy;
			containerPortal = 5732A91022653D3A0036BC38 /* Project object */;
			proxyType = 1;
			remoteGlobalIDString = 5732A93822653D3E0036BC38;
			remoteInfo = "CapacitacaoIOS-AppleWatch WatchKit Extension";
		};
/* End PBXContainerItemProxy section */

/* Begin PBXCopyFilesBuildPhase section */
		5732A94A22653D3E0036BC38 /* Embed App Extensions */ = {
			isa = PBXCopyFilesBuildPhase;
			buildActionMask = 2147483647;
			dstPath = "";
			dstSubfolderSpec = 13;
			files = (
				5732A93A22653D3E0036BC38 /* CapacitacaoIOS-AppleWatch WatchKit Extension.appex in Embed App Extensions */,
			);
			name = "Embed App Extensions";
			runOnlyForDeploymentPostprocessing = 0;
		};
		5732A94E22653D3E0036BC38 /* Embed Watch Content */ = {
			isa = PBXCopyFilesBuildPhase;
			buildActionMask = 2147483647;
			dstPath = "$(CONTENTS_FOLDER_PATH)/Watch";
			dstSubfolderSpec = 16;
			files = (
				5732A92B22653D3D0036BC38 /* CapacitacaoIOS-AppleWatch WatchKit App.app in Embed Watch Content */,
			);
			name = "Embed Watch Content";
			runOnlyForDeploymentPostprocessing = 0;
		};
/* End PBXCopyFilesBuildPhase section */

/* Begin PBXFileReference section */
		5732A91822653D3A0036BC38 /* CapacitacaoIOS-AppleWatch.app */ = {isa = PBXFileReference; explicitFileType = wrapper.application; includeInIndex = 0; path = "CapacitacaoIOS-AppleWatch.app"; sourceTree = BUILT_PRODUCTS_DIR; };
		5732A91B22653D3A0036BC38 /* AppDelegate.swift */ = {isa = PBXFileReference; lastKnownFileType = sourcecode.swift; path = AppDelegate.swift; sourceTree = "<group>"; };
		5732A91D22653D3A0036BC38 /* ViewController.swift */ = {isa = PBXFileReference; lastKnownFileType = sourcecode.swift; path = ViewController.swift; sourceTree = "<group>"; };
		5732A92022653D3A0036BC38 /* Base */ = {isa = PBXFileReference; lastKnownFileType = file.storyboard; name = Base; path = Base.lproj/Main.storyboard; sourceTree = "<group>"; };
		5732A92222653D3D0036BC38 /* Assets.xcassets */ = {isa = PBXFileReference; lastKnownFileType = folder.assetcatalog; path = Assets.xcassets; sourceTree = "<group>"; };
		5732A92522653D3D0036BC38 /* Base */ = {isa = PBXFileReference; lastKnownFileType = file.storyboard; name = Base; path = Base.lproj/LaunchScreen.storyboard; sourceTree = "<group>"; };
		5732A92722653D3D0036BC38 /* Info.plist */ = {isa = PBXFileReference; lastKnownFileType = text.plist.xml; path = Info.plist; sourceTree = "<group>"; };
		5732A92A22653D3D0036BC38 /* CapacitacaoIOS-AppleWatch WatchKit App.app */ = {isa = PBXFileReference; explicitFileType = wrapper.application; includeInIndex = 0; path = "CapacitacaoIOS-AppleWatch WatchKit App.app"; sourceTree = BUILT_PRODUCTS_DIR; };
		5732A93022653D3D0036BC38 /* Base */ = {isa = PBXFileReference; lastKnownFileType = file.storyboard; name = Base; path = Base.lproj/Interface.storyboard; sourceTree = "<group>"; };
		5732A93222653D3E0036BC38 /* Assets.xcassets */ = {isa = PBXFileReference; lastKnownFileType = folder.assetcatalog; path = Assets.xcassets; sourceTree = "<group>"; };
		5732A93422653D3E0036BC38 /* Info.plist */ = {isa = PBXFileReference; lastKnownFileType = text.plist.xml; path = Info.plist; sourceTree = "<group>"; };
		5732A93922653D3E0036BC38 /* CapacitacaoIOS-AppleWatch WatchKit Extension.appex */ = {isa = PBXFileReference; explicitFileType = "wrapper.app-extension"; includeInIndex = 0; path = "CapacitacaoIOS-AppleWatch WatchKit Extension.appex"; sourceTree = BUILT_PRODUCTS_DIR; };
		5732A93E22653D3E0036BC38 /* InterfaceController.swift */ = {isa = PBXFileReference; lastKnownFileType = sourcecode.swift; path = InterfaceController.swift; sourceTree = "<group>"; };
		5732A94022653D3E0036BC38 /* ExtensionDelegate.swift */ = {isa = PBXFileReference; lastKnownFileType = sourcecode.swift; path = ExtensionDelegate.swift; sourceTree = "<group>"; };
		5732A94222653D3E0036BC38 /* Assets.xcassets */ = {isa = PBXFileReference; lastKnownFileType = folder.assetcatalog; path = Assets.xcassets; sourceTree = "<group>"; };
		5732A94422653D3E0036BC38 /* Info.plist */ = {isa = PBXFileReference; lastKnownFileType = text.plist.xml; path = Info.plist; sourceTree = "<group>"; };
/* End PBXFileReference section */

/* Begin PBXFrameworksBuildPhase section */
		5732A91522653D3A0036BC38 /* Frameworks */ = {
			isa = PBXFrameworksBuildPhase;
			buildActionMask = 2147483647;
			files = (
			);
			runOnlyForDeploymentPostprocessing = 0;
		};
		5732A93622653D3E0036BC38 /* Frameworks */ = {
			isa = PBXFrameworksBuildPhase;
			buildActionMask = 2147483647;
			files = (
			);
			runOnlyForDeploymentPostprocessing = 0;
		};
/* End PBXFrameworksBuildPhase section */

/* Begin PBXGroup section */
		5732A90F22653D3A0036BC38 = {
			isa = PBXGroup;
			children = (
				5732A91A22653D3A0036BC38 /* CapacitacaoIOS-AppleWatch */,
				5732A92E22653D3D0036BC38 /* CapacitacaoIOS-AppleWatch WatchKit App */,
				5732A93D22653D3E0036BC38 /* CapacitacaoIOS-AppleWatch WatchKit Extension */,
				5732A91922653D3A0036BC38 /* Products */,
			);
			sourceTree = "<group>";
		};
		5732A91922653D3A0036BC38 /* Products */ = {
			isa = PBXGroup;
			children = (
				5732A91822653D3A0036BC38 /* CapacitacaoIOS-AppleWatch.app */,
				5732A92A22653D3D0036BC38 /* CapacitacaoIOS-AppleWatch WatchKit App.app */,
				5732A93922653D3E0036BC38 /* CapacitacaoIOS-AppleWatch WatchKit Extension.appex */,
			);
			name = Products;
			sourceTree = "<group>";
		};
		5732A91A22653D3A0036BC38 /* CapacitacaoIOS-AppleWatch */ = {
			isa = PBXGroup;
			children = (
				5732A91B22653D3A0036BC38 /* AppDelegate.swift */,
				5732A91D22653D3A0036BC38 /* ViewController.swift */,
				5732A91F22653D3A0036BC38 /* Main.storyboard */,
				5732A92222653D3D0036BC38 /* Assets.xcassets */,
				5732A92422653D3D0036BC38 /* LaunchScreen.storyboard */,
				5732A92722653D3D0036BC38 /* Info.plist */,
			);
			path = "CapacitacaoIOS-AppleWatch";
			sourceTree = "<group>";
		};
		5732A92E22653D3D0036BC38 /* CapacitacaoIOS-AppleWatch WatchKit App */ = {
			isa = PBXGroup;
			children = (
				5732A92F22653D3D0036BC38 /* Interface.storyboard */,
				5732A93222653D3E0036BC38 /* Assets.xcassets */,
				5732A93422653D3E0036BC38 /* Info.plist */,
			);
			path = "CapacitacaoIOS-AppleWatch WatchKit App";
			sourceTree = "<group>";
		};
		5732A93D22653D3E0036BC38 /* CapacitacaoIOS-AppleWatch WatchKit Extension */ = {
			isa = PBXGroup;
			children = (
				5732A93E22653D3E0036BC38 /* InterfaceController.swift */,
				5732A94022653D3E0036BC38 /* ExtensionDelegate.swift */,
				5732A94222653D3E0036BC38 /* Assets.xcassets */,
				5732A94422653D3E0036BC38 /* Info.plist */,
			);
			path = "CapacitacaoIOS-AppleWatch WatchKit Extension";
			sourceTree = "<group>";
		};
/* End PBXGroup section */

/* Begin PBXNativeTarget section */
		5732A91722653D3A0036BC38 /* CapacitacaoIOS-AppleWatch */ = {
			isa = PBXNativeTarget;
			buildConfigurationList = 5732A94F22653D3E0036BC38 /* Build configuration list for PBXNativeTarget "CapacitacaoIOS-AppleWatch" */;
			buildPhases = (
				5732A91422653D3A0036BC38 /* Sources */,
				5732A91522653D3A0036BC38 /* Frameworks */,
				5732A91622653D3A0036BC38 /* Resources */,
				5732A94E22653D3E0036BC38 /* Embed Watch Content */,
			);
			buildRules = (
			);
			dependencies = (
				5732A92D22653D3D0036BC38 /* PBXTargetDependency */,
			);
			name = "CapacitacaoIOS-AppleWatch";
			productName = "CapacitacaoIOS-AppleWatch";
			productReference = 5732A91822653D3A0036BC38 /* CapacitacaoIOS-AppleWatch.app */;
			productType = "com.apple.product-type.application";
		};
		5732A92922653D3D0036BC38 /* CapacitacaoIOS-AppleWatch WatchKit App */ = {
			isa = PBXNativeTarget;
			buildConfigurationList = 5732A94B22653D3E0036BC38 /* Build configuration list for PBXNativeTarget "CapacitacaoIOS-AppleWatch WatchKit App" */;
			buildPhases = (
				5732A92822653D3D0036BC38 /* Resources */,
				5732A94A22653D3E0036BC38 /* Embed App Extensions */,
			);
			buildRules = (
			);
			dependencies = (
				5732A93C22653D3E0036BC38 /* PBXTargetDependency */,
			);
			name = "CapacitacaoIOS-AppleWatch WatchKit App";
			productName = "CapacitacaoIOS-AppleWatch WatchKit App";
			productReference = 5732A92A22653D3D0036BC38 /* CapacitacaoIOS-AppleWatch WatchKit App.app */;
			productType = "com.apple.product-type.application.watchapp2";
		};
		5732A93822653D3E0036BC38 /* CapacitacaoIOS-AppleWatch WatchKit Extension */ = {
			isa = PBXNativeTarget;
			buildConfigurationList = 5732A94722653D3E0036BC38 /* Build configuration list for PBXNativeTarget "CapacitacaoIOS-AppleWatch WatchKit Extension" */;
			buildPhases = (
				5732A93522653D3E0036BC38 /* Sources */,
				5732A93622653D3E0036BC38 /* Frameworks */,
				5732A93722653D3E0036BC38 /* Resources */,
			);
			buildRules = (
			);
			dependencies = (
			);
			name = "CapacitacaoIOS-AppleWatch WatchKit Extension";
			productName = "CapacitacaoIOS-AppleWatch WatchKit Extension";
			productReference = 5732A93922653D3E0036BC38 /* CapacitacaoIOS-AppleWatch WatchKit Extension.appex */;
			productType = "com.apple.product-type.watchkit2-extension";
		};
/* End PBXNativeTarget section */

/* Begin PBXProject section */
		5732A91022653D3A0036BC38 /* Project object */ = {
			isa = PBXProject;
			attributes = {
				LastSwiftUpdateCheck = 1010;
				LastUpgradeCheck = 1010;
				ORGANIZATIONNAME = Aluno;
				TargetAttributes = {
					5732A91722653D3A0036BC38 = {
						CreatedOnToolsVersion = 10.1;
					};
					5732A92922653D3D0036BC38 = {
						CreatedOnToolsVersion = 10.1;
					};
					5732A93822653D3E0036BC38 = {
						CreatedOnToolsVersion = 10.1;
					};
				};
			};
			buildConfigurationList = 5732A91322653D3A0036BC38 /* Build configuration list for PBXProject "CapacitacaoIOS-AppleWatch" */;
			compatibilityVersion = "Xcode 9.3";
			developmentRegion = en;
			hasScannedForEncodings = 0;
			knownRegions = (
				en,
				Base,
			);
			mainGroup = 5732A90F22653D3A0036BC38;
			productRefGroup = 5732A91922653D3A0036BC38 /* Products */;
			projectDirPath = "";
			projectRoot = "";
			targets = (
				5732A91722653D3A0036BC38 /* CapacitacaoIOS-AppleWatch */,
				5732A92922653D3D0036BC38 /* CapacitacaoIOS-AppleWatch WatchKit App */,
				5732A93822653D3E0036BC38 /* CapacitacaoIOS-AppleWatch WatchKit Extension */,
			);
		};
/* End PBXProject section */

/* Begin PBXResourcesBuildPhase section */
		5732A91622653D3A0036BC38 /* Resources */ = {
			isa = PBXResourcesBuildPhase;
			buildActionMask = 2147483647;
			files = (
				5732A92622653D3D0036BC38 /* LaunchScreen.storyboard in Resources */,
				5732A92322653D3D0036BC38 /* Assets.xcassets in Resources */,
				5732A92122653D3A0036BC38 /* Main.storyboard in Resources */,
			);
			runOnlyForDeploymentPostprocessing = 0;
		};
		5732A92822653D3D0036BC38 /* Resources */ = {
			isa = PBXResourcesBuildPhase;
			buildActionMask = 2147483647;
			files = (
				5732A93322653D3E0036BC38 /* Assets.xcassets in Resources */,
				5732A93122653D3D0036BC38 /* Interface.storyboard in Resources */,
			);
			runOnlyForDeploymentPostprocessing = 0;
		};
		5732A93722653D3E0036BC38 /* Resources */ = {
			isa = PBXResourcesBuildPhase;
			buildActionMask = 2147483647;
			files = (
				5732A94322653D3E0036BC38 /* Assets.xcassets in Resources */,
			);
			runOnlyForDeploymentPostprocessing = 0;
		};
/* End PBXResourcesBuildPhase section */

/* Begin PBXSourcesBuildPhase section */
		5732A91422653D3A0036BC38 /* Sources */ = {
			isa = PBXSourcesBuildPhase;
			buildActionMask = 2147483647;
			files = (
				5732A91E22653D3A0036BC38 /* ViewController.swift in Sources */,
				5732A91C22653D3A0036BC38 /* AppDelegate.swift in Sources */,
			);
			runOnlyForDeploymentPostprocessing = 0;
		};
		5732A93522653D3E0036BC38 /* Sources */ = {
			isa = PBXSourcesBuildPhase;
			buildActionMask = 2147483647;
			files = (
				5732A94122653D3E0036BC38 /* ExtensionDelegate.swift in Sources */,
				5732A93F22653D3E0036BC38 /* InterfaceController.swift in Sources */,
			);
			runOnlyForDeploymentPostprocessing = 0;
		};
/* End PBXSourcesBuildPhase section */

/* Begin PBXTargetDependency section */
		5732A92D22653D3D0036BC38 /* PBXTargetDependency */ = {
			isa = PBXTargetDependency;
			target = 5732A92922653D3D0036BC38 /* CapacitacaoIOS-AppleWatch WatchKit App */;
			targetProxy = 5732A92C22653D3D0036BC38 /* PBXContainerItemProxy */;
		};
		5732A93C22653D3E0036BC38 /* PBXTargetDependency */ = {
			isa = PBXTargetDependency;
			target = 5732A93822653D3E0036BC38 /* CapacitacaoIOS-AppleWatch WatchKit Extension */;
			targetProxy = 5732A93B22653D3E0036BC38 /* PBXContainerItemProxy */;
		};
/* End PBXTargetDependency section */

/* Begin PBXVariantGroup section */
		5732A91F22653D3A0036BC38 /* Main.storyboard */ = {
			isa = PBXVariantGroup;
			children = (
				5732A92022653D3A0036BC38 /* Base */,
			);
			name = Main.storyboard;
			sourceTree = "<group>";
		};
		5732A92422653D3D0036BC38 /* LaunchScreen.storyboard */ = {
			isa = PBXVariantGroup;
			children = (
				5732A92522653D3D0036BC38 /* Base */,
			);
			name = LaunchScreen.storyboard;
			sourceTree = "<group>";
		};
		5732A92F22653D3D0036BC38 /* Interface.storyboard */ = {
			isa = PBXVariantGroup;
			children = (
				5732A93022653D3D0036BC38 /* Base */,
			);
			name = Interface.storyboard;
			sourceTree = "<group>";
		};
/* End PBXVariantGroup section */

/* Begin XCBuildConfiguration section */
		5732A94522653D3E0036BC38 /* Debug */ = {
			isa = XCBuildConfiguration;
			buildSettings = {
				ALWAYS_SEARCH_USER_PATHS = NO;
				CLANG_ANALYZER_NONNULL = YES;
				CLANG_ANALYZER_NUMBER_OBJECT_CONVERSION = YES_AGGRESSIVE;
				CLANG_CXX_LANGUAGE_STANDARD = "gnu++14";
				CLANG_CXX_LIBRARY = "libc++";
				CLANG_ENABLE_MODULES = YES;
				CLANG_ENABLE_OBJC_ARC = YES;
				CLANG_ENABLE_OBJC_WEAK = YES;
				CLANG_WARN_BLOCK_CAPTURE_AUTORELEASING = YES;
				CLANG_WARN_BOOL_CONVERSION = YES;
				CLANG_WARN_COMMA = YES;
				CLANG_WARN_CONSTANT_CONVERSION = YES;
				CLANG_WARN_DEPRECATED_OBJC_IMPLEMENTATIONS = YES;
				CLANG_WARN_DIRECT_OBJC_ISA_USAGE = YES_ERROR;
				CLANG_WARN_DOCUMENTATION_COMMENTS = YES;
				CLANG_WARN_EMPTY_BODY = YES;
				CLANG_WARN_ENUM_CONVERSION = YES;
				CLANG_WARN_INFINITE_RECURSION = YES;
				CLANG_WARN_INT_CONVERSION = YES;
				CLANG_WARN_NON_LITERAL_NULL_CONVERSION = YES;
				CLANG_WARN_OBJC_IMPLICIT_RETAIN_SELF = YES;
				CLANG_WARN_OBJC_LITERAL_CONVERSION = YES;
				CLANG_WARN_OBJC_ROOT_CLASS = YES_ERROR;
				CLANG_WARN_RANGE_LOOP_ANALYSIS = YES;
				CLANG_WARN_STRICT_PROTOTYPES = YES;
				CLANG_WARN_SUSPICIOUS_MOVE = YES;
				CLANG_WARN_UNGUARDED_AVAILABILITY = YES_AGGRESSIVE;
				CLANG_WARN_UNREACHABLE_CODE = YES;
				CLANG_WARN__DUPLICATE_METHOD_MATCH = YES;
				CODE_SIGN_IDENTITY = "iPhone Developer";
				COPY_PHASE_STRIP = NO;
				DEBUG_INFORMATION_FORMAT = dwarf;
				ENABLE_STRICT_OBJC_MSGSEND = YES;
				ENABLE_TESTABILITY = YES;
				GCC_C_LANGUAGE_STANDARD = gnu11;
				GCC_DYNAMIC_NO_PIC = NO;
				GCC_NO_COMMON_BLOCKS = YES;
				GCC_OPTIMIZATION_LEVEL = 0;
				GCC_PREPROCESSOR_DEFINITIONS = (
					"DEBUG=1",
					"$(inherited)",
				);
				GCC_WARN_64_TO_32_BIT_CONVERSION = YES;
				GCC_WARN_ABOUT_RETURN_TYPE = YES_ERROR;
				GCC_WARN_UNDECLARED_SELECTOR = YES;
				GCC_WARN_UNINITIALIZED_AUTOS = YES_AGGRESSIVE;
				GCC_WARN_UNUSED_FUNCTION = YES;
				GCC_WARN_UNUSED_VARIABLE = YES;
				IPHONEOS_DEPLOYMENT_TARGET = 12.1;
				MTL_ENABLE_DEBUG_INFO = INCLUDE_SOURCE;
				MTL_FAST_MATH = YES;
				ONLY_ACTIVE_ARCH = YES;
				SDKROOT = iphoneos;
				SWIFT_ACTIVE_COMPILATION_CONDITIONS = DEBUG;
				SWIFT_OPTIMIZATION_LEVEL = "-Onone";
			};
			name = Debug;
		};
		5732A94622653D3E0036BC38 /* Release */ = {
			isa = XCBuildConfiguration;
			buildSettings = {
				ALWAYS_SEARCH_USER_PATHS = NO;
				CLANG_ANALYZER_NONNULL = YES;
				CLANG_ANALYZER_NUMBER_OBJECT_CONVERSION = YES_AGGRESSIVE;
				CLANG_CXX_LANGUAGE_STANDARD = "gnu++14";
				CLANG_CXX_LIBRARY = "libc++";
				CLANG_ENABLE_MODULES = YES;
				CLANG_ENABLE_OBJC_ARC = YES;
				CLANG_ENABLE_OBJC_WEAK = YES;
				CLANG_WARN_BLOCK_CAPTURE_AUTORELEASING = YES;
				CLANG_WARN_BOOL_CONVERSION = YES;
				CLANG_WARN_COMMA = YES;
				CLANG_WARN_CONSTANT_CONVERSION = YES;
				CLANG_WARN_DEPRECATED_OBJC_IMPLEMENTATIONS = YES;
				CLANG_WARN_DIRECT_OBJC_ISA_USAGE = YES_ERROR;
				CLANG_WARN_DOCUMENTATION_COMMENTS = YES;
				CLANG_WARN_EMPTY_BODY = YES;
				CLANG_WARN_ENUM_CONVERSION = YES;
				CLANG_WARN_INFINITE_RECURSION = YES;
				CLANG_WARN_INT_CONVERSION = YES;
				CLANG_WARN_NON_LITERAL_NULL_CONVERSION = YES;
				CLANG_WARN_OBJC_IMPLICIT_RETAIN_SELF = YES;
				CLANG_WARN_OBJC_LITERAL_CONVERSION = YES;
				CLANG_WARN_OBJC_ROOT_CLASS = YES_ERROR;
				CLANG_WARN_RANGE_LOOP_ANALYSIS = YES;
				CLANG_WARN_STRICT_PROTOTYPES = YES;
				CLANG_WARN_SUSPICIOUS_MOVE = YES;
				CLANG_WARN_UNGUARDED_AVAILABILITY = YES_AGGRESSIVE;
				CLANG_WARN_UNREACHABLE_CODE = YES;
				CLANG_WARN__DUPLICATE_METHOD_MATCH = YES;
				CODE_SIGN_IDENTITY = "iPhone Developer";
				COPY_PHASE_STRIP = NO;
				DEBUG_INFORMATION_FORMAT = "dwarf-with-dsym";
				ENABLE_NS_ASSERTIONS = NO;
				ENABLE_STRICT_OBJC_MSGSEND = YES;
				GCC_C_LANGUAGE_STANDARD = gnu11;
				GCC_NO_COMMON_BLOCKS = YES;
				GCC_WARN_64_TO_32_BIT_CONVERSION = YES;
				GCC_WARN_ABOUT_RETURN_TYPE = YES_ERROR;
				GCC_WARN_UNDECLARED_SELECTOR = YES;
				GCC_WARN_UNINITIALIZED_AUTOS = YES_AGGRESSIVE;
				GCC_WARN_UNUSED_FUNCTION = YES;
				GCC_WARN_UNUSED_VARIABLE = YES;
				IPHONEOS_DEPLOYMENT_TARGET = 12.1;
				MTL_ENABLE_DEBUG_INFO = NO;
				MTL_FAST_MATH = YES;
				SDKROOT = iphoneos;
				SWIFT_COMPILATION_MODE = wholemodule;
				SWIFT_OPTIMIZATION_LEVEL = "-O";
				VALIDATE_PRODUCT = YES;
			};
			name = Release;
		};
		5732A94822653D3E0036BC38 /* Debug */ = {
			isa = XCBuildConfiguration;
			buildSettings = {
				ASSETCATALOG_COMPILER_COMPLICATION_NAME = Complication;
				CODE_SIGN_STYLE = Automatic;
				INFOPLIST_FILE = "CapacitacaoIOS-AppleWatch WatchKit Extension/Info.plist";
				LD_RUNPATH_SEARCH_PATHS = (
					"$(inherited)",
					"@executable_path/Frameworks",
					"@executable_path/../../Frameworks",
				);
				PRODUCT_BUNDLE_IDENTIFIER = "PUC.CapacitacaoIOS-AppleWatch.watchkitapp.watchkitextension";
				PRODUCT_NAME = "${TARGET_NAME}";
				SDKROOT = watchos;
				SKIP_INSTALL = YES;
				SWIFT_VERSION = 4.2;
				TARGETED_DEVICE_FAMILY = 4;
				WATCHOS_DEPLOYMENT_TARGET = 5.1;
			};
			name = Debug;
		};
		5732A94922653D3E0036BC38 /* Release */ = {
			isa = XCBuildConfiguration;
			buildSettings = {
				ASSETCATALOG_COMPILER_COMPLICATION_NAME = Complication;
				CODE_SIGN_STYLE = Automatic;
				INFOPLIST_FILE = "CapacitacaoIOS-AppleWatch WatchKit Extension/Info.plist";
				LD_RUNPATH_SEARCH_PATHS = (
					"$(inherited)",
					"@executable_path/Frameworks",
					"@executable_path/../../Frameworks",
				);
				PRODUCT_BUNDLE_IDENTIFIER = "PUC.CapacitacaoIOS-AppleWatch.watchkitapp.watchkitextension";
				PRODUCT_NAME = "${TARGET_NAME}";
				SDKROOT = watchos;
				SKIP_INSTALL = YES;
				SWIFT_VERSION = 4.2;
				TARGETED_DEVICE_FAMILY = 4;
				WATCHOS_DEPLOYMENT_TARGET = 5.1;
			};
			name = Release;
		};
		5732A94C22653D3E0036BC38 /* Debug */ = {
			isa = XCBuildConfiguration;
			buildSettings = {
				ALWAYS_EMBED_SWIFT_STANDARD_LIBRARIES = YES;
				ASSETCATALOG_COMPILER_APPICON_NAME = AppIcon;
				CODE_SIGN_STYLE = Automatic;
				IBSC_MODULE = CapacitacaoIOS_AppleWatch_WatchKit_Extension;
				INFOPLIST_FILE = "CapacitacaoIOS-AppleWatch WatchKit App/Info.plist";
				PRODUCT_BUNDLE_IDENTIFIER = "PUC.CapacitacaoIOS-AppleWatch.watchkitapp";
				PRODUCT_NAME = "$(TARGET_NAME)";
				SDKROOT = watchos;
				SKIP_INSTALL = YES;
				SWIFT_VERSION = 4.2;
				TARGETED_DEVICE_FAMILY = 4;
				WATCHOS_DEPLOYMENT_TARGET = 5.1;
			};
			name = Debug;
		};
		5732A94D22653D3E0036BC38 /* Release */ = {
			isa = XCBuildConfiguration;
			buildSettings = {
				ALWAYS_EMBED_SWIFT_STANDARD_LIBRARIES = YES;
				ASSETCATALOG_COMPILER_APPICON_NAME = AppIcon;
				CODE_SIGN_STYLE = Automatic;
				IBSC_MODULE = CapacitacaoIOS_AppleWatch_WatchKit_Extension;
				INFOPLIST_FILE = "CapacitacaoIOS-AppleWatch WatchKit App/Info.plist";
				PRODUCT_BUNDLE_IDENTIFIER = "PUC.CapacitacaoIOS-AppleWatch.watchkitapp";
				PRODUCT_NAME = "$(TARGET_NAME)";
				SDKROOT = watchos;
				SKIP_INSTALL = YES;
				SWIFT_VERSION = 4.2;
				TARGETED_DEVICE_FAMILY = 4;
				WATCHOS_DEPLOYMENT_TARGET = 5.1;
			};
			name = Release;
		};
		5732A95022653D3E0036BC38 /* Debug */ = {
			isa = XCBuildConfiguration;
			buildSettings = {
				ASSETCATALOG_COMPILER_APPICON_NAME = AppIcon;
				CODE_SIGN_STYLE = Automatic;
				INFOPLIST_FILE = "CapacitacaoIOS-AppleWatch/Info.plist";
				LD_RUNPATH_SEARCH_PATHS = (
					"$(inherited)",
					"@executable_path/Frameworks",
				);
				PRODUCT_BUNDLE_IDENTIFIER = "PUC.CapacitacaoIOS-AppleWatch";
				PRODUCT_NAME = "$(TARGET_NAME)";
				SWIFT_VERSION = 4.2;
				TARGETED_DEVICE_FAMILY = "1,2";
			};
			name = Debug;
		};
		5732A95122653D3E0036BC38 /* Release */ = {
			isa = XCBuildConfiguration;
			buildSettings = {
				ASSETCATALOG_COMPILER_APPICON_NAME = AppIcon;
				CODE_SIGN_STYLE = Automatic;
				INFOPLIST_FILE = "CapacitacaoIOS-AppleWatch/Info.plist";
				LD_RUNPATH_SEARCH_PATHS = (
					"$(inherited)",
					"@executable_path/Frameworks",
				);
				PRODUCT_BUNDLE_IDENTIFIER = "PUC.CapacitacaoIOS-AppleWatch";
				PRODUCT_NAME = "$(TARGET_NAME)";
				SWIFT_VERSION = 4.2;
				TARGETED_DEVICE_FAMILY = "1,2";
			};
			name = Release;
		};
/* End XCBuildConfiguration section */

/* Begin XCConfigurationList section */
		5732A91322653D3A0036BC38 /* Build configuration list for PBXProject "CapacitacaoIOS-AppleWatch" */ = {
			isa = XCConfigurationList;
			buildConfigurations = (
				5732A94522653D3E0036BC38 /* Debug */,
				5732A94622653D3E0036BC38 /* Release */,
			);
			defaultConfigurationIsVisible = 0;
			defaultConfigurationName = Release;
		};
		5732A94722653D3E0036BC38 /* Build configuration list for PBXNativeTarget "CapacitacaoIOS-AppleWatch WatchKit Extension" */ = {
			isa = XCConfigurationList;
			buildConfigurations = (
				5732A94822653D3E0036BC38 /* Debug */,
				5732A94922653D3E0036BC38 /* Release */,
			);
			defaultConfigurationIsVisible = 0;
			defaultConfigurationName = Release;
		};
		5732A94B22653D3E0036BC38 /* Build configuration list for PBXNativeTarget "CapacitacaoIOS-AppleWatch WatchKit App" */ = {
			isa = XCConfigurationList;
			buildConfigurations = (
				5732A94C22653D3E0036BC38 /* Debug */,
				5732A94D22653D3E0036BC38 /* Release */,
			);
			defaultConfigurationIsVisible = 0;
			defaultConfigurationName = Release;
		};
		5732A94F22653D3E0036BC38 /* Build configuration list for PBXNativeTarget "CapacitacaoIOS-AppleWatch" */ = {
			isa = XCConfigurationList;
			buildConfigurations = (
				5732A95022653D3E0036BC38 /* Debug */,
				5732A95122653D3E0036BC38 /* Release */,
			);
			defaultConfigurationIsVisible = 0;
			defaultConfigurationName = Release;
		};
/* End XCConfigurationList section */
	};
	rootObject = 5732A91022653D3A0036BC38 /* Project object */;
}
